
Microsoft Visual Studio Solution File, Format Version 12.00
# Visual Studio 15
Project("{FAE04EC0-301F-11D3-BF4B-00C04F79EFBC}") = "Assembly-CSharp", "Assembly-CSharp.csproj", "{3959AA55-6C07-F429-ECB0-22CE958B3FCC}"
EndProject
Project("{FAE04EC0-301F-11D3-BF4B-00C04F79EFBC}") = "OEBIF", "OEBIF.csproj", "{A43CCAE4-74DE-A6C4-2B34-9E4A968D7135}"
EndProject
Project("{FAE04EC0-301F-11D3-BF4B-00C04F79EFBC}") = "Assembly-CSharp-Editor", "Assembly-CSharp-Editor.csproj", "{9409D34F-8D9F-73AB-7EE8-9E43046638C8}"
EndProject
Global
	GlobalSection(SolutionConfigurationPlatforms) = preSolution
		Debug|Any CPU = Debug|Any CPU
		Release|Any CPU = Release|Any CPU
	EndGlobalSection
	GlobalSection(ProjectConfigurationPlatforms) = postSolution
		{3959AA55-6C07-F429-ECB0-22CE958B3FCC}.Debug|Any CPU.ActiveCfg = Debug|Any CPU
		{3959AA55-6C07-F429-ECB0-22CE958B3FCC}.Debug|Any CPU.Build.0 = Debug|Any CPU
		{3959AA55-6C07-F429-ECB0-22CE958B3FCC}.Release|Any CPU.ActiveCfg = Release|Any CPU
		{3959AA55-6C07-F429-ECB0-22CE958B3FCC}.Release|Any CPU.Build.0 = Release|Any CPU
		{A43CCAE4-74DE-A6C4-2B34-9E4A968D7135}.Debug|Any CPU.ActiveCfg = Debug|Any CPU
		{A43CCAE4-74DE-A6C4-2B34-9E4A968D7135}.Debug|Any CPU.Build.0 = Debug|Any CPU
		{A43CCAE4-74DE-A6C4-2B34-9E4A968D7135}.Release|Any CPU.ActiveCfg = Release|Any CPU
		{A43CCAE4-74DE-A6C4-2B34-9E4A968D7135}.Release|Any CPU.Build.0 = Release|Any CPU
		{9409D34F-8D9F-73AB-7EE8-9E43046638C8}.Debug|Any CPU.ActiveCfg = Debug|Any CPU
		{9409D34F-8D9F-73AB-7EE8-9E43046638C8}.Debug|Any CPU.Build.0 = Debug|Any CPU
		{9409D34F-8D9F-73AB-7EE8-9E43046638C8}.Release|Any CPU.ActiveCfg = Release|Any CPU
		{9409D34F-8D9F-73AB-7EE8-9E43046638C8}.Release|Any CPU.Build.0 = Release|Any CPU
	EndGlobalSection
	GlobalSection(SolutionProperties) = preSolution
		HideSolutionNode = FALSE
	EndGlobalSection
EndGlobal
